PODS:
  - Nimble (5.0.0)
  - Quick (0.10.0)
  - RapidA11y (0.1.9)
  - RapidTests (0.1.9):
    - Nimble (~> 5.0.0)
    - Quick (~> 0.10.0)
    - RapidA11y

DEPENDENCIES:
  - Nimble (= 5.0.0)
  - Quick (= 0.10.0)
  - RapidA11y (from `git@github.com:coolbnjmn/Rapid.git`, branch `master`)
  - RapidTests (from `git@github.com:coolbnjmn/Rapid.git`, branch `master`)

EXTERNAL SOURCES:
  RapidA11y:
    :branch: master
    :git: git@github.com:coolbnjmn/Rapid.git
  RapidTests:
    :branch: master
    :git: git@github.com:coolbnjmn/Rapid.git

CHECKOUT OPTIONS:
  RapidA11y:
    :commit: 4321b42d20b1eef234c44a1324d08e5ac0ed6a99
    :git: git@github.com:coolbnjmn/Rapid.git
  RapidTests:
    :commit: 4321b42d20b1eef234c44a1324d08e5ac0ed6a99
    :git: git@github.com:coolbnjmn/Rapid.git

SPEC CHECKSUMS:
  Nimble: 56fc9f5020effa2206de22c3dd910f4fb011b92f
  Quick: 5d290df1c69d5ee2f0729956dcf0fd9a30447eaa
  RapidA11y: 8c0726e546db27bc7c9ffff85e4a875b92f57c55
  RapidTests: 63fe422afdb635af6969ca6d839148851d1ac64d

PODFILE CHECKSUM: d1027e6878dab69eefe4046d77a04a88773443b3

COCOAPODS: 1.2.0
