PODS:
  - Nimble (5.0.0)
  - Quick (0.10.0)
  - RapidA11y (0.1.6)
  - RapidTests (0.1.6):
    - Nimble (~> 5.0.0)
    - Quick (~> 0.10.0)
    - RapidA11y

DEPENDENCIES:
  - RapidA11y (from `git@github.com:coolbnjmn/Rapid.git`, branch `master`)
  - RapidTests (from `git@github.com:coolbnjmn/Rapid.git`, branch `master`)

EXTERNAL SOURCES:
  RapidA11y:
    :branch: master
    :git: git@github.com:coolbnjmn/Rapid.git
  RapidTests:
    :branch: master
    :git: git@github.com:coolbnjmn/Rapid.git

CHECKOUT OPTIONS:
  RapidA11y:
    :commit: e0e93a13dcf2b64272ce2354247620ad5db9ebb5
    :git: git@github.com:coolbnjmn/Rapid.git
  RapidTests:
    :commit: e0e93a13dcf2b64272ce2354247620ad5db9ebb5
    :git: git@github.com:coolbnjmn/Rapid.git

SPEC CHECKSUMS:
  Nimble: 56fc9f5020effa2206de22c3dd910f4fb011b92f
  Quick: 5d290df1c69d5ee2f0729956dcf0fd9a30447eaa
  RapidA11y: 20f583babc48eef78dc7a8bca3abcd028e82d5bb
  RapidTests: 4fecce05ae106bbc60e7a79cb4c1f69cc589d208

PODFILE CHECKSUM: 321d14075024a8f77d32f68618249843bc717b2b

COCOAPODS: 1.2.0
